Microsoft Visual Studio Solution File, Format Version 12.00
# Visual Studio 15
VisualStudioVersion = 15.0.28307.572
MinimumVisualStudioVersion = 10.0.40219.1
Project("{FAE04EC0-301F-11D3-BF4B-00C04F79EFBC}") = "ThroughFocusPSF", "ThroughFocus\ThroughFocusPSF.csproj", "{BC24A83E-B81C-49BE-9A0D-8423712624BF}"
EndProject
Global
	GlobalSection(SolutionConfigurationPlatforms) = preSolution
		Debug|Any CPU = Debug|Any CPU
		Release|Any CPU = Release|Any CPU
	EndGlobalSection
	GlobalSection(ProjectConfigurationPlatforms) = postSolution
		{BC24A83E-B81C-49BE-9A0D-8423712624BF}.Debug|Any CPU.ActiveCfg = Debug|Any CPU
		{BC24A83E-B81C-49BE-9A0D-8423712624BF}.Debug|Any CPU.Build.0 = Debug|Any CPU
		{BC24A83E-B81C-49BE-9A0D-8423712624BF}.Release|Any CPU.ActiveCfg = Release|Any CPU
		{BC24A83E-B81C-49BE-9A0D-8423712624BF}.Release|Any CPU.Build.0 = Release|Any CPU
	EndGlobalSection
	GlobalSection(SolutionProperties) = preSolution
		HideSolutionNode = FALSE
	EndGlobalSection
	GlobalSection(ExtensibilityGlobals) = postSolution
		SolutionGuid = {C48CF63B-8431-449A-80AD-9C5EAD2A6959}
	EndGlobalSection
EndGlobal
